// !$*UTF8*$!
{
	archiveVersion = 1;
	classes = {
	};
	objectVersion = 56;
	objects = {

/* Begin PBXBuildFile section */
		668F423D29424AC300210C03 /* AppDelegate.swift in Sources */ = {isa = PBXBuildFile; fileRef = 668F423C29424AC300210C03 /* AppDelegate.swift */; };
		668F423F29424AC300210C03 /* SceneDelegate.swift in Sources */ = {isa = PBXBuildFile; fileRef = 668F423E29424AC300210C03 /* SceneDelegate.swift */; };
		668F424129424AC300210C03 /* LocationInformationViewController.swift in Sources */ = {isa = PBXBuildFile; fileRef = 668F424029424AC300210C03 /* LocationInformationViewController.swift */; };
		668F424429424AC300210C03 /* Main.storyboard in Resources */ = {isa = PBXBuildFile; fileRef = 668F424229424AC300210C03 /* Main.storyboard */; };
		668F424629424AC500210C03 /* Assets.xcassets in Resources */ = {isa = PBXBuildFile; fileRef = 668F424529424AC500210C03 /* Assets.xcassets */; };
		668F424929424AC500210C03 /* LaunchScreen.storyboard in Resources */ = {isa = PBXBuildFile; fileRef = 668F424729424AC500210C03 /* LaunchScreen.storyboard */; };
		668F425329424D1E00210C03 /* DaumMap.embeddedframework in Resources */ = {isa = PBXBuildFile; fileRef = 668F425229424D1E00210C03 /* DaumMap.embeddedframework */; };
		668F425A29424DC400210C03 /* OpenGLES.framework in Frameworks */ = {isa = PBXBuildFile; fileRef = 668F425929424DC400210C03 /* OpenGLES.framework */; };
		668F425C29424DD500210C03 /* SystemConfiguration.framework in Frameworks */ = {isa = PBXBuildFile; fileRef = 668F425B29424DD500210C03 /* SystemConfiguration.framework */; };
		668F425E29424DDE00210C03 /* QuartzCore.framework in Frameworks */ = {isa = PBXBuildFile; fileRef = 668F425D29424DDE00210C03 /* QuartzCore.framework */; };
		668F426029424DE900210C03 /* libc++.tbd in Frameworks */ = {isa = PBXBuildFile; fileRef = 668F425F29424DE900210C03 /* libc++.tbd */; };
		668F426229424DF700210C03 /* CoreLocation.framework in Frameworks */ = {isa = PBXBuildFile; fileRef = 668F426129424DF700210C03 /* CoreLocation.framework */; };
		668F426429424E0400210C03 /* libxml2.tbd in Frameworks */ = {isa = PBXBuildFile; fileRef = 668F426329424E0400210C03 /* libxml2.tbd */; };
		668F426629424E0C00210C03 /* libsqlite3.tbd in Frameworks */ = {isa = PBXBuildFile; fileRef = 668F426529424E0C00210C03 /* libsqlite3.tbd */; };
		668F426829424E2800210C03 /* DaumMap.framework in Frameworks */ = {isa = PBXBuildFile; fileRef = 668F426729424E2800210C03 /* DaumMap.framework */; };
		668F426A29424E9F00210C03 /* LocationData.swift in Sources */ = {isa = PBXBuildFile; fileRef = 668F426929424E9F00210C03 /* LocationData.swift */; };
		668F426D29424F0600210C03 /* KLDocument.swift in Sources */ = {isa = PBXBuildFile; fileRef = 668F426C29424F0600210C03 /* KLDocument.swift */; };
		668F426F29424F6300210C03 /* DetailListCellData.swift in Sources */ = {isa = PBXBuildFile; fileRef = 668F426E29424F6300210C03 /* DetailListCellData.swift */; };
		668F427129424FF300210C03 /* LocationInformationViewModel.swift in Sources */ = {isa = PBXBuildFile; fileRef = 668F427029424FF300210C03 /* LocationInformationViewModel.swift */; };
		668F42822942543E00210C03 /* MTMapViewError.swift in Sources */ = {isa = PBXBuildFile; fileRef = 668F42812942543E00210C03 /* MTMapViewError.swift */; };
		668F42842942BA5100210C03 /* DetailListCell.swift in Sources */ = {isa = PBXBuildFile; fileRef = 668F42832942BA5100210C03 /* DetailListCell.swift */; };
		668F42862942BB7900210C03 /* DetailListBackgroundView.swift in Sources */ = {isa = PBXBuildFile; fileRef = 668F42852942BB7900210C03 /* DetailListBackgroundView.swift */; };
		668F42882942BB8600210C03 /* DetailListBackgroundViewModel.swift in Sources */ = {isa = PBXBuildFile; fileRef = 668F42872942BB8600210C03 /* DetailListBackgroundViewModel.swift */; };
		668F428A2942D69400210C03 /* LocalAPI.swift in Sources */ = {isa = PBXBuildFile; fileRef = 668F42892942D69400210C03 /* LocalAPI.swift */; };
		668F428D2942D7B600210C03 /* LocalNetwork.swift in Sources */ = {isa = PBXBuildFile; fileRef = 668F428C2942D7B600210C03 /* LocalNetwork.swift */; };
		668F428F2942D91A00210C03 /* LocationInformationModel.swift in Sources */ = {isa = PBXBuildFile; fileRef = 668F428E2942D91A00210C03 /* LocationInformationModel.swift */; };
		668F42A0294468C500210C03 /* FindCVSTests.swift in Sources */ = {isa = PBXBuildFile; fileRef = 668F429F294468C500210C03 /* FindCVSTests.swift */; };
		668F42A72944692400210C03 /* LocalNetworkStub.swift in Sources */ = {isa = PBXBuildFile; fileRef = 668F42A62944692400210C03 /* LocalNetworkStub.swift */; };
		668F42A929446ADB00210C03 /* networkDummy.json in Resources */ = {isa = PBXBuildFile; fileRef = 668F42A829446ADB00210C03 /* networkDummy.json */; };
		668F42AB29446C7C00210C03 /* Dummy.swift in Sources */ = {isa = PBXBuildFile; fileRef = 668F42AA29446C7C00210C03 /* Dummy.swift */; };
		668F42AD29446D8E00210C03 /* LocationInformationModelTests.swift in Sources */ = {isa = PBXBuildFile; fileRef = 668F42AC29446D8E00210C03 /* LocationInformationModelTests.swift */; };
		DD8CAC3F009377A3474A72A2 /* Pods_FindCVSTests.framework in Frameworks */ = {isa = PBXBuildFile; fileRef = 36AE99CE553875E10B63EEEA /* Pods_FindCVSTests.framework */; };
		F9125FC07D851CEBBF891CDF /* Pods_FindCVS.framework in Frameworks */ = {isa = PBXBuildFile; fileRef = CACC937F88F15EE5E02A5494 /* Pods_FindCVS.framework */; };
/* End PBXBuildFile section */

/* Begin PBXContainerItemProxy section */
		668F42A1294468C500210C03 /* PBXContainerItemProxy */ = {
			isa = PBXContainerItemProxy;
			containerPortal = 668F423129424AC300210C03 /* Project object */;
			proxyType = 1;
			remoteGlobalIDString = 668F423829424AC300210C03;
			remoteInfo = FindCVS;
		};
/* End PBXContainerItemProxy section */

/* Begin PBXFileReference section */
		169599D16059AD4C76629230 /* Pods-FindCVSTests.debug.xcconfig */ = {isa = PBXFileReference; includeInIndex = 1; lastKnownFileType = text.xcconfig; name = "Pods-FindCVSTests.debug.xcconfig"; path = "Target Support Files/Pods-FindCVSTests/Pods-FindCVSTests.debug.xcconfig"; sourceTree = "<group>"; };
		36AE99CE553875E10B63EEEA /* Pods_FindCVSTests.framework */ = {isa = PBXFileReference; explicitFileType = wrapper.framework; includeInIndex = 0; path = Pods_FindCVSTests.framework; sourceTree = BUILT_PRODUCTS_DIR; };
		4ED9D4460A45510BE5DA648E /* Pods-FindCVS.release.xcconfig */ = {isa = PBXFileReference; includeInIndex = 1; lastKnownFileType = text.xcconfig; name = "Pods-FindCVS.release.xcconfig"; path = "Target Support Files/Pods-FindCVS/Pods-FindCVS.release.xcconfig"; sourceTree = "<group>"; };
		5394F51AADE78DE115E989FF /* Pods-FindCVS.debug.xcconfig */ = {isa = PBXFileReference; includeInIndex = 1; lastKnownFileType = text.xcconfig; name = "Pods-FindCVS.debug.xcconfig"; path = "Target Support Files/Pods-FindCVS/Pods-FindCVS.debug.xcconfig"; sourceTree = "<group>"; };
		668F423929424AC300210C03 /* FindCVS.app */ = {isa = PBXFileReference; explicitFileType = wrapper.application; includeInIndex = 0; path = FindCVS.app; sourceTree = BUILT_PRODUCTS_DIR; };
		668F423C29424AC300210C03 /* AppDelegate.swift */ = {isa = PBXFileReference; lastKnownFileType = sourcecode.swift; path = AppDelegate.swift; sourceTree = "<group>"; };
		668F423E29424AC300210C03 /* SceneDelegate.swift */ = {isa = PBXFileReference; lastKnownFileType = sourcecode.swift; path = SceneDelegate.swift; sourceTree = "<group>"; };
		668F424029424AC300210C03 /* LocationInformationViewController.swift */ = {isa = PBXFileReference; lastKnownFileType = sourcecode.swift; path = LocationInformationViewController.swift; sourceTree = "<group>"; };
		668F424329424AC300210C03 /* Base */ = {isa = PBXFileReference; lastKnownFileType = file.storyboard; name = Base; path = Base.lproj/Main.storyboard; sourceTree = "<group>"; };
		668F424529424AC500210C03 /* Assets.xcassets */ = {isa = PBXFileReference; lastKnownFileType = folder.assetcatalog; path = Assets.xcassets; sourceTree = "<group>"; };
		668F424829424AC500210C03 /* Base */ = {isa = PBXFileReference; lastKnownFileType = file.storyboard; name = Base; path = Base.lproj/LaunchScreen.storyboard; sourceTree = "<group>"; };
		668F424A29424AC500210C03 /* Info.plist */ = {isa = PBXFileReference; lastKnownFileType = text.plist.xml; path = Info.plist; sourceTree = "<group>"; };
		668F425229424D1E00210C03 /* DaumMap.embeddedframework */ = {isa = PBXFileReference; lastKnownFileType = folder; path = DaumMap.embeddedframework; sourceTree = "<group>"; };
		668F425429424D3E00210C03 /* BridgingHeader.h */ = {isa = PBXFileReference; lastKnownFileType = sourcecode.c.h; path = BridgingHeader.h; sourceTree = "<group>"; };
		668F425929424DC400210C03 /* OpenGLES.framework */ = {isa = PBXFileReference; lastKnownFileType = wrapper.framework; name = OpenGLES.framework; path = System/Library/Frameworks/OpenGLES.framework; sourceTree = SDKROOT; };
		668F425B29424DD500210C03 /* SystemConfiguration.framework */ = {isa = PBXFileReference; lastKnownFileType = wrapper.framework; name = SystemConfiguration.framework; path = System/Library/Frameworks/SystemConfiguration.framework; sourceTree = SDKROOT; };
		668F425D29424DDE00210C03 /* QuartzCore.framework */ = {isa = PBXFileReference; lastKnownFileType = wrapper.framework; name = QuartzCore.framework; path = System/Library/Frameworks/QuartzCore.framework; sourceTree = SDKROOT; };
		668F425F29424DE900210C03 /* libc++.tbd */ = {isa = PBXFileReference; lastKnownFileType = "sourcecode.text-based-dylib-definition"; name = "libc++.tbd"; path = "usr/lib/libc++.tbd"; sourceTree = SDKROOT; };
		668F426129424DF700210C03 /* CoreLocation.framework */ = {isa = PBXFileReference; lastKnownFileType = wrapper.framework; name = CoreLocation.framework; path = System/Library/Frameworks/CoreLocation.framework; sourceTree = SDKROOT; };
		668F426329424E0400210C03 /* libxml2.tbd */ = {isa = PBXFileReference; lastKnownFileType = "sourcecode.text-based-dylib-definition"; name = libxml2.tbd; path = usr/lib/libxml2.tbd; sourceTree = SDKROOT; };
		668F426529424E0C00210C03 /* libsqlite3.tbd */ = {isa = PBXFileReference; lastKnownFileType = "sourcecode.text-based-dylib-definition"; name = libsqlite3.tbd; path = usr/lib/libsqlite3.tbd; sourceTree = SDKROOT; };
		668F426729424E2800210C03 /* DaumMap.framework */ = {isa = PBXFileReference; lastKnownFileType = wrapper.framework; name = DaumMap.framework; path = DaumMap.embeddedframework/DaumMap.framework; sourceTree = "<group>"; };
		668F426929424E9F00210C03 /* LocationData.swift */ = {isa = PBXFileReference; lastKnownFileType = sourcecode.swift; path = LocationData.swift; sourceTree = "<group>"; };
		668F426C29424F0600210C03 /* KLDocument.swift */ = {isa = PBXFileReference; lastKnownFileType = sourcecode.swift; path = KLDocument.swift; sourceTree = "<group>"; };
		668F426E29424F6300210C03 /* DetailListCellData.swift */ = {isa = PBXFileReference; lastKnownFileType = sourcecode.swift; path = DetailListCellData.swift; sourceTree = "<group>"; };
		668F427029424FF300210C03 /* LocationInformationViewModel.swift */ = {isa = PBXFileReference; lastKnownFileType = sourcecode.swift; path = LocationInformationViewModel.swift; sourceTree = "<group>"; };
		668F42812942543E00210C03 /* MTMapViewError.swift */ = {isa = PBXFileReference; lastKnownFileType = sourcecode.swift; path = MTMapViewError.swift; sourceTree = "<group>"; };
		668F42832942BA5100210C03 /* DetailListCell.swift */ = {isa = PBXFileReference; lastKnownFileType = sourcecode.swift; path = DetailListCell.swift; sourceTree = "<group>"; };
		668F42852942BB7900210C03 /* DetailListBackgroundView.swift */ = {isa = PBXFileReference; lastKnownFileType = sourcecode.swift; path = DetailListBackgroundView.swift; sourceTree = "<group>"; };
		668F42872942BB8600210C03 /* DetailListBackgroundViewModel.swift */ = {isa = PBXFileReference; lastKnownFileType = sourcecode.swift; path = DetailListBackgroundViewModel.swift; sourceTree = "<group>"; };
		668F42892942D69400210C03 /* LocalAPI.swift */ = {isa = PBXFileReference; lastKnownFileType = sourcecode.swift; path = LocalAPI.swift; sourceTree = "<group>"; };
		668F428C2942D7B600210C03 /* LocalNetwork.swift */ = {isa = PBXFileReference; lastKnownFileType = sourcecode.swift; path = LocalNetwork.swift; sourceTree = "<group>"; };
		668F428E2942D91A00210C03 /* LocationInformationModel.swift */ = {isa = PBXFileReference; lastKnownFileType = sourcecode.swift; path = LocationInformationModel.swift; sourceTree = "<group>"; };
		668F429D294468C500210C03 /* FindCVSTests.xctest */ = {isa = PBXFileReference; explicitFileType = wrapper.cfbundle; includeInIndex = 0; path = FindCVSTests.xctest; sourceTree = BUILT_PRODUCTS_DIR; };
		668F429F294468C500210C03 /* FindCVSTests.swift */ = {isa = PBXFileReference; lastKnownFileType = sourcecode.swift; path = FindCVSTests.swift; sourceTree = "<group>"; };
		668F42A62944692400210C03 /* LocalNetworkStub.swift */ = {isa = PBXFileReference; lastKnownFileType = sourcecode.swift; path = LocalNetworkStub.swift; sourceTree = "<group>"; };
		668F42A829446ADB00210C03 /* networkDummy.json */ = {isa = PBXFileReference; lastKnownFileType = text.json; path = networkDummy.json; sourceTree = "<group>"; };
		668F42AA29446C7C00210C03 /* Dummy.swift */ = {isa = PBXFileReference; lastKnownFileType = sourcecode.swift; path = Dummy.swift; sourceTree = "<group>"; };
		668F42AC29446D8E00210C03 /* LocationInformationModelTests.swift */ = {isa = PBXFileReference; lastKnownFileType = sourcecode.swift; path = LocationInformationModelTests.swift; sourceTree = "<group>"; };
		CACC937F88F15EE5E02A5494 /* Pods_FindCVS.framework */ = {isa = PBXFileReference; explicitFileType = wrapper.framework; includeInIndex = 0; path = Pods_FindCVS.framework; sourceTree = BUILT_PRODUCTS_DIR; };
		FB58FC30A02C73887A7C2887 /* Pods-FindCVSTests.release.xcconfig */ = {isa = PBXFileReference; includeInIndex = 1; lastKnownFileType = text.xcconfig; name = "Pods-FindCVSTests.release.xcconfig"; path = "Target Support Files/Pods-FindCVSTests/Pods-FindCVSTests.release.xcconfig"; sourceTree = "<group>"; };
/* End PBXFileReference section */

/* Begin PBXFrameworksBuildPhase section */
		668F423629424AC300210C03 /* Frameworks */ = {
			isa = PBXFrameworksBuildPhase;
			buildActionMask = 2147483647;
			files = (
				668F426629424E0C00210C03 /* libsqlite3.tbd in Frameworks */,
				668F426429424E0400210C03 /* libxml2.tbd in Frameworks */,
				668F426029424DE900210C03 /* libc++.tbd in Frameworks */,
				668F425E29424DDE00210C03 /* QuartzCore.framework in Frameworks */,
				668F426229424DF700210C03 /* CoreLocation.framework in Frameworks */,
				668F425C29424DD500210C03 /* SystemConfiguration.framework in Frameworks */,
				668F425A29424DC400210C03 /* OpenGLES.framework in Frameworks */,
				668F426829424E2800210C03 /* DaumMap.framework in Frameworks */,
				F9125FC07D851CEBBF891CDF /* Pods_FindCVS.framework in Frameworks */,
			);
			runOnlyForDeploymentPostprocessing = 0;
		};
		668F429A294468C500210C03 /* Frameworks */ = {
			isa = PBXFrameworksBuildPhase;
			buildActionMask = 2147483647;
			files = (
				DD8CAC3F009377A3474A72A2 /* Pods_FindCVSTests.framework in Frameworks */,
			);
			runOnlyForDeploymentPostprocessing = 0;
		};
/* End PBXFrameworksBuildPhase section */

/* Begin PBXGroup section */
		668F423029424AC300210C03 = {
			isa = PBXGroup;
			children = (
				668F425229424D1E00210C03 /* DaumMap.embeddedframework */,
				668F423B29424AC300210C03 /* FindCVS */,
				668F429E294468C500210C03 /* FindCVSTests */,
				668F423A29424AC300210C03 /* Products */,
				668F425529424D9D00210C03 /* Frameworks */,
				EB0DC1E44358087C0B1553C0 /* Pods */,
			);
			sourceTree = "<group>";
		};
		668F423A29424AC300210C03 /* Products */ = {
			isa = PBXGroup;
			children = (
				668F423929424AC300210C03 /* FindCVS.app */,
				668F429D294468C500210C03 /* FindCVSTests.xctest */,
			);
			name = Products;
			sourceTree = "<group>";
		};
		668F423B29424AC300210C03 /* FindCVS */ = {
			isa = PBXGroup;
			children = (
				668F425429424D3E00210C03 /* BridgingHeader.h */,
				668F423C29424AC300210C03 /* AppDelegate.swift */,
				668F423E29424AC300210C03 /* SceneDelegate.swift */,
				668F428B2942D69B00210C03 /* Network */,
				668F4280294250B600210C03 /* Presentation */,
				668F426B29424EAA00210C03 /* Entity */,
				668F424229424AC300210C03 /* Main.storyboard */,
				668F424529424AC500210C03 /* Assets.xcassets */,
				668F424729424AC500210C03 /* LaunchScreen.storyboard */,
				668F424A29424AC500210C03 /* Info.plist */,
			);
			path = FindCVS;
			sourceTree = "<group>";
		};
		668F425529424D9D00210C03 /* Frameworks */ = {
			isa = PBXGroup;
			children = (
				668F426729424E2800210C03 /* DaumMap.framework */,
				668F426529424E0C00210C03 /* libsqlite3.tbd */,
				668F426329424E0400210C03 /* libxml2.tbd */,
				668F426129424DF700210C03 /* CoreLocation.framework */,
				668F425F29424DE900210C03 /* libc++.tbd */,
				668F425D29424DDE00210C03 /* QuartzCore.framework */,
				668F425B29424DD500210C03 /* SystemConfiguration.framework */,
				668F425929424DC400210C03 /* OpenGLES.framework */,
				CACC937F88F15EE5E02A5494 /* Pods_FindCVS.framework */,
				36AE99CE553875E10B63EEEA /* Pods_FindCVSTests.framework */,
			);
			name = Frameworks;
			sourceTree = "<group>";
		};
		668F426B29424EAA00210C03 /* Entity */ = {
			isa = PBXGroup;
			children = (
				668F426929424E9F00210C03 /* LocationData.swift */,
				668F426E29424F6300210C03 /* DetailListCellData.swift */,
				668F426C29424F0600210C03 /* KLDocument.swift */,
				668F42812942543E00210C03 /* MTMapViewError.swift */,
			);
			path = Entity;
			sourceTree = "<group>";
		};
		668F4280294250B600210C03 /* Presentation */ = {
			isa = PBXGroup;
			children = (
				668F42902942D91D00210C03 /* LocationInfomation */,
				668F42832942BA5100210C03 /* DetailListCell.swift */,
				668F42852942BB7900210C03 /* DetailListBackgroundView.swift */,
				668F42872942BB8600210C03 /* DetailListBackgroundViewModel.swift */,
			);
			path = Presentation;
			sourceTree = "<group>";
		};
		668F428B2942D69B00210C03 /* Network */ = {
			isa = PBXGroup;
			children = (
				668F42892942D69400210C03 /* LocalAPI.swift */,
				668F428C2942D7B600210C03 /* LocalNetwork.swift */,
			);
			path = Network;
			sourceTree = "<group>";
		};
		668F42902942D91D00210C03 /* LocationInfomation */ = {
			isa = PBXGroup;
			children = (
				668F427029424FF300210C03 /* LocationInformationViewModel.swift */,
				668F424029424AC300210C03 /* LocationInformationViewController.swift */,
				668F428E2942D91A00210C03 /* LocationInformationModel.swift */,
			);
			path = LocationInfomation;
			sourceTree = "<group>";
		};
		668F429E294468C500210C03 /* FindCVSTests */ = {
			isa = PBXGroup;
			children = (
				668F429F294468C500210C03 /* FindCVSTests.swift */,
				668F42A62944692400210C03 /* LocalNetworkStub.swift */,
				668F42AA29446C7C00210C03 /* Dummy.swift */,
				668F42AC29446D8E00210C03 /* LocationInformationModelTests.swift */,
				668F42A829446ADB00210C03 /* networkDummy.json */,
			);
			path = FindCVSTests;
			sourceTree = "<group>";
		};
		EB0DC1E44358087C0B1553C0 /* Pods */ = {
			isa = PBXGroup;
			children = (
				5394F51AADE78DE115E989FF /* Pods-FindCVS.debug.xcconfig */,
				4ED9D4460A45510BE5DA648E /* Pods-FindCVS.release.xcconfig */,
				169599D16059AD4C76629230 /* Pods-FindCVSTests.debug.xcconfig */,
				FB58FC30A02C73887A7C2887 /* Pods-FindCVSTests.release.xcconfig */,
			);
			path = Pods;
			sourceTree = "<group>";
		};
/* End PBXGroup section */

/* Begin PBXNativeTarget section */
		668F423829424AC300210C03 /* FindCVS */ = {
			isa = PBXNativeTarget;
			buildConfigurationList = 668F424D29424AC500210C03 /* Build configuration list for PBXNativeTarget "FindCVS" */;
			buildPhases = (
				DC0CEA7CF798C64695EA474D /* [CP] Check Pods Manifest.lock */,
				668F423529424AC300210C03 /* Sources */,
				668F423629424AC300210C03 /* Frameworks */,
				668F423729424AC300210C03 /* Resources */,
				D08365159BA774053EAE6991 /* [CP] Embed Pods Frameworks */,
			);
			buildRules = (
			);
			dependencies = (
			);
			name = FindCVS;
			productName = FindCVS;
			productReference = 668F423929424AC300210C03 /* FindCVS.app */;
			productType = "com.apple.product-type.application";
		};
		668F429C294468C500210C03 /* FindCVSTests */ = {
			isa = PBXNativeTarget;
			buildConfigurationList = 668F42A3294468C500210C03 /* Build configuration list for PBXNativeTarget "FindCVSTests" */;
			buildPhases = (
				008A6F07FF0B0320195E4EBB /* [CP] Check Pods Manifest.lock */,
				668F4299294468C500210C03 /* Sources */,
				668F429A294468C500210C03 /* Frameworks */,
				668F429B294468C500210C03 /* Resources */,
				64CCED560D4D9976D94A84EF /* [CP] Embed Pods Frameworks */,
			);
			buildRules = (
			);
			dependencies = (
				668F42A2294468C500210C03 /* PBXTargetDependency */,
			);
			name = FindCVSTests;
			productName = FindCVSTests;
			productReference = 668F429D294468C500210C03 /* FindCVSTests.xctest */;
			productType = "com.apple.product-type.bundle.unit-test";
		};
/* End PBXNativeTarget section */

/* Begin PBXProject section */
		668F423129424AC300210C03 /* Project object */ = {
			isa = PBXProject;
			attributes = {
				BuildIndependentTargetsInParallel = 1;
				LastSwiftUpdateCheck = 1410;
				LastUpgradeCheck = 1410;
				TargetAttributes = {
					668F423829424AC300210C03 = {
						CreatedOnToolsVersion = 14.1;
					};
					668F429C294468C500210C03 = {
						CreatedOnToolsVersion = 14.1;
						TestTargetID = 668F423829424AC300210C03;
					};
				};
			};
			buildConfigurationList = 668F423429424AC300210C03 /* Build configuration list for PBXProject "FindCVS" */;
			compatibilityVersion = "Xcode 14.0";
			developmentRegion = en;
			hasScannedForEncodings = 0;
			knownRegions = (
				en,
				Base,
			);
			mainGroup = 668F423029424AC300210C03;
			productRefGroup = 668F423A29424AC300210C03 /* Products */;
			projectDirPath = "";
			projectRoot = "";
			targets = (
				668F423829424AC300210C03 /* FindCVS */,
				668F429C294468C500210C03 /* FindCVSTests */,
			);
		};
/* End PBXProject section */

/* Begin PBXResourcesBuildPhase section */
		668F423729424AC300210C03 /* Resources */ = {
			isa = PBXResourcesBuildPhase;
			buildActionMask = 2147483647;
			files = (
				668F425329424D1E00210C03 /* DaumMap.embeddedframework in Resources */,
				668F424929424AC500210C03 /* LaunchScreen.storyboard in Resources */,
				668F424629424AC500210C03 /* Assets.xcassets in Resources */,
				668F424429424AC300210C03 /* Main.storyboard in Resources */,
			);
			runOnlyForDeploymentPostprocessing = 0;
		};
		668F429B294468C500210C03 /* Resources */ = {
			isa = PBXResourcesBuildPhase;
			buildActionMask = 2147483647;
			files = (
				668F42A929446ADB00210C03 /* networkDummy.json in Resources */,
			);
			runOnlyForDeploymentPostprocessing = 0;
		};
/* End PBXResourcesBuildPhase section */

/* Begin PBXShellScriptBuildPhase section */
		008A6F07FF0B0320195E4EBB /* [CP] Check Pods Manifest.lock */ = {
			isa = PBXShellScriptBuildPhase;
			buildActionMask = 2147483647;
			files = (
			);
			inputFileListPaths = (
			);
			inputPaths = (
				"${PODS_PODFILE_DIR_PATH}/Podfile.lock",
				"${PODS_ROOT}/Manifest.lock",
			);
			name = "[CP] Check Pods Manifest.lock";
			outputFileListPaths = (
			);
			outputPaths = (
				"$(DERIVED_FILE_DIR)/Pods-FindCVSTests-checkManifestLockResult.txt",
			);
			runOnlyForDeploymentPostprocessing = 0;
			shellPath = /bin/sh;
			shellScript = "diff \"${PODS_PODFILE_DIR_PATH}/Podfile.lock\" \"${PODS_ROOT}/Manifest.lock\" > /dev/null\nif [ $? != 0 ] ; then\n    # print error to STDERR\n    echo \"error: The sandbox is not in sync with the Podfile.lock. Run 'pod install' or update your CocoaPods installation.\" >&2\n    exit 1\nfi\n# This output is used by Xcode 'outputs' to avoid re-running this script phase.\necho \"SUCCESS\" > \"${SCRIPT_OUTPUT_FILE_0}\"\n";
			showEnvVarsInLog = 0;
		};
		64CCED560D4D9976D94A84EF /* [CP] Embed Pods Frameworks */ = {
			isa = PBXShellScriptBuildPhase;
			buildActionMask = 2147483647;
			files = (
			);
			inputFileListPaths = (
				"${PODS_ROOT}/Target Support Files/Pods-FindCVSTests/Pods-FindCVSTests-frameworks-${CONFIGURATION}-input-files.xcfilelist",
			);
			name = "[CP] Embed Pods Frameworks";
			outputFileListPaths = (
				"${PODS_ROOT}/Target Support Files/Pods-FindCVSTests/Pods-FindCVSTests-frameworks-${CONFIGURATION}-output-files.xcfilelist",
			);
			runOnlyForDeploymentPostprocessing = 0;
			shellPath = /bin/sh;
			shellScript = "\"${PODS_ROOT}/Target Support Files/Pods-FindCVSTests/Pods-FindCVSTests-frameworks.sh\"\n";
			showEnvVarsInLog = 0;
		};
		D08365159BA774053EAE6991 /* [CP] Embed Pods Frameworks */ = {
			isa = PBXShellScriptBuildPhase;
			buildActionMask = 2147483647;
			files = (
			);
			inputFileListPaths = (
				"${PODS_ROOT}/Target Support Files/Pods-FindCVS/Pods-FindCVS-frameworks-${CONFIGURATION}-input-files.xcfilelist",
			);
			name = "[CP] Embed Pods Frameworks";
			outputFileListPaths = (
				"${PODS_ROOT}/Target Support Files/Pods-FindCVS/Pods-FindCVS-frameworks-${CONFIGURATION}-output-files.xcfilelist",
			);
			runOnlyForDeploymentPostprocessing = 0;
			shellPath = /bin/sh;
			shellScript = "\"${PODS_ROOT}/Target Support Files/Pods-FindCVS/Pods-FindCVS-frameworks.sh\"\n";
			showEnvVarsInLog = 0;
		};
		DC0CEA7CF798C64695EA474D /* [CP] Check Pods Manifest.lock */ = {
			isa = PBXShellScriptBuildPhase;
			buildActionMask = 2147483647;
			files = (
			);
			inputFileListPaths = (
			);
			inputPaths = (
				"${PODS_PODFILE_DIR_PATH}/Podfile.lock",
				"${PODS_ROOT}/Manifest.lock",
			);
			name = "[CP] Check Pods Manifest.lock";
			outputFileListPaths = (
			);
			outputPaths = (
				"$(DERIVED_FILE_DIR)/Pods-FindCVS-checkManifestLockResult.txt",
			);
			runOnlyForDeploymentPostprocessing = 0;
			shellPath = /bin/sh;
			shellScript = "diff \"${PODS_PODFILE_DIR_PATH}/Podfile.lock\" \"${PODS_ROOT}/Manifest.lock\" > /dev/null\nif [ $? != 0 ] ; then\n    # print error to STDERR\n    echo \"error: The sandbox is not in sync with the Podfile.lock. Run 'pod install' or update your CocoaPods installation.\" >&2\n    exit 1\nfi\n# This output is used by Xcode 'outputs' to avoid re-running this script phase.\necho \"SUCCESS\" > \"${SCRIPT_OUTPUT_FILE_0}\"\n";
			showEnvVarsInLog = 0;
		};
/* End PBXShellScriptBuildPhase section */

/* Begin PBXSourcesBuildPhase section */
		668F423529424AC300210C03 /* Sources */ = {
			isa = PBXSourcesBuildPhase;
			buildActionMask = 2147483647;
			files = (
				668F426A29424E9F00210C03 /* LocationData.swift in Sources */,
				668F42862942BB7900210C03 /* DetailListBackgroundView.swift in Sources */,
				668F42882942BB8600210C03 /* DetailListBackgroundViewModel.swift in Sources */,
				668F426D29424F0600210C03 /* KLDocument.swift in Sources */,
				668F428D2942D7B600210C03 /* LocalNetwork.swift in Sources */,
				668F424129424AC300210C03 /* LocationInformationViewController.swift in Sources */,
				668F42822942543E00210C03 /* MTMapViewError.swift in Sources */,
				668F428A2942D69400210C03 /* LocalAPI.swift in Sources */,
				668F42842942BA5100210C03 /* DetailListCell.swift in Sources */,
				668F423D29424AC300210C03 /* AppDelegate.swift in Sources */,
				668F426F29424F6300210C03 /* DetailListCellData.swift in Sources */,
				668F428F2942D91A00210C03 /* LocationInformationModel.swift in Sources */,
				668F423F29424AC300210C03 /* SceneDelegate.swift in Sources */,
				668F427129424FF300210C03 /* LocationInformationViewModel.swift in Sources */,
			);
			runOnlyForDeploymentPostprocessing = 0;
		};
		668F4299294468C500210C03 /* Sources */ = {
			isa = PBXSourcesBuildPhase;
			buildActionMask = 2147483647;
			files = (
				668F42A72944692400210C03 /* LocalNetworkStub.swift in Sources */,
				668F42AD29446D8E00210C03 /* LocationInformationModelTests.swift in Sources */,
				668F42AB29446C7C00210C03 /* Dummy.swift in Sources */,
				668F42A0294468C500210C03 /* FindCVSTests.swift in Sources */,
			);
			runOnlyForDeploymentPostprocessing = 0;
		};
/* End PBXSourcesBuildPhase section */

/* Begin PBXTargetDependency section */
		668F42A2294468C500210C03 /* PBXTargetDependency */ = {
			isa = PBXTargetDependency;
			target = 668F423829424AC300210C03 /* FindCVS */;
			targetProxy = 668F42A1294468C500210C03 /* PBXContainerItemProxy */;
		};
/* End PBXTargetDependency section */

/* Begin PBXVariantGroup section */
		668F424229424AC300210C03 /* Main.storyboard */ = {
			isa = PBXVariantGroup;
			children = (
				668F424329424AC300210C03 /* Base */,
			);
			name = Main.storyboard;
			sourceTree = "<group>";
		};
		668F424729424AC500210C03 /* LaunchScreen.storyboard */ = {
			isa = PBXVariantGroup;
			children = (
				668F424829424AC500210C03 /* Base */,
			);
			name = LaunchScreen.storyboard;
			sourceTree = "<group>";
		};
/* End PBXVariantGroup section */

/* Begin XCBuildConfiguration section */
		668F424B29424AC500210C03 /* Debug */ = {
			isa = XCBuildConfiguration;
			buildSettings = {
				ALWAYS_SEARCH_USER_PATHS = NO;
				CLANG_ANALYZER_NONNULL = YES;
				CLANG_ANALYZER_NUMBER_OBJECT_CONVERSION = YES_AGGRESSIVE;
				CLANG_CXX_LANGUAGE_STANDARD = "gnu++20";
				CLANG_ENABLE_MODULES = YES;
				CLANG_ENABLE_OBJC_ARC = NO;
				CLANG_ENABLE_OBJC_WEAK = YES;
				CLANG_WARN_BLOCK_CAPTURE_AUTORELEASING = YES;
				CLANG_WARN_BOOL_CONVERSION = YES;
				CLANG_WARN_COMMA = YES;
				CLANG_WARN_CONSTANT_CONVERSION = YES;
				CLANG_WARN_DEPRECATED_OBJC_IMPLEMENTATIONS = YES;
				CLANG_WARN_DIRECT_OBJC_ISA_USAGE = YES_ERROR;
				CLANG_WARN_DOCUMENTATION_COMMENTS = YES;
				CLANG_WARN_EMPTY_BODY = YES;
				CLANG_WARN_ENUM_CONVERSION = YES;
				CLANG_WARN_INFINITE_RECURSION = YES;
				CLANG_WARN_INT_CONVERSION = YES;
				CLANG_WARN_NON_LITERAL_NULL_CONVERSION = YES;
				CLANG_WARN_OBJC_IMPLICIT_RETAIN_SELF = YES;
				CLANG_WARN_OBJC_LITERAL_CONVERSION = YES;
				CLANG_WARN_OBJC_ROOT_CLASS = YES_ERROR;
				CLANG_WARN_QUOTED_INCLUDE_IN_FRAMEWORK_HEADER = YES;
				CLANG_WARN_RANGE_LOOP_ANALYSIS = YES;
				CLANG_WARN_STRICT_PROTOTYPES = YES;
				CLANG_WARN_SUSPICIOUS_MOVE = YES;
				CLANG_WARN_UNGUARDED_AVAILABILITY = YES_AGGRESSIVE;
				CLANG_WARN_UNREACHABLE_CODE = YES;
				CLANG_WARN__DUPLICATE_METHOD_MATCH = YES;
				COPY_PHASE_STRIP = NO;
				DEBUG_INFORMATION_FORMAT = dwarf;
				ENABLE_STRICT_OBJC_MSGSEND = YES;
				ENABLE_TESTABILITY = YES;
				GCC_C_LANGUAGE_STANDARD = gnu11;
				GCC_DYNAMIC_NO_PIC = NO;
				GCC_NO_COMMON_BLOCKS = YES;
				GCC_OPTIMIZATION_LEVEL = 0;
				GCC_PREPROCESSOR_DEFINITIONS = (
					"DEBUG=1",
					"$(inherited)",
				);
				GCC_WARN_64_TO_32_BIT_CONVERSION = YES;
				GCC_WARN_ABOUT_RETURN_TYPE = YES_ERROR;
				GCC_WARN_UNDECLARED_SELECTOR = YES;
				GCC_WARN_UNINITIALIZED_AUTOS = YES_AGGRESSIVE;
				GCC_WARN_UNUSED_FUNCTION = YES;
				GCC_WARN_UNUSED_VARIABLE = YES;
				IPHONEOS_DEPLOYMENT_TARGET = 16.1;
				MTL_ENABLE_DEBUG_INFO = INCLUDE_SOURCE;
				MTL_FAST_MATH = YES;
				ONLY_ACTIVE_ARCH = YES;
				SDKROOT = iphoneos;
				SWIFT_ACTIVE_COMPILATION_CONDITIONS = DEBUG;
				SWIFT_OPTIMIZATION_LEVEL = "-Onone";
			};
			name = Debug;
		};
		668F424C29424AC500210C03 /* Release */ = {
			isa = XCBuildConfiguration;
			buildSettings = {
				ALWAYS_SEARCH_USER_PATHS = NO;
				CLANG_ANALYZER_NONNULL = YES;
				CLANG_ANALYZER_NUMBER_OBJECT_CONVERSION = YES_AGGRESSIVE;
				CLANG_CXX_LANGUAGE_STANDARD = "gnu++20";
				CLANG_ENABLE_MODULES = YES;
				CLANG_ENABLE_OBJC_ARC = NO;
				CLANG_ENABLE_OBJC_WEAK = YES;
				CLANG_WARN_BLOCK_CAPTURE_AUTORELEASING = YES;
				CLANG_WARN_BOOL_CONVERSION = YES;
				CLANG_WARN_COMMA = YES;
				CLANG_WARN_CONSTANT_CONVERSION = YES;
				CLANG_WARN_DEPRECATED_OBJC_IMPLEMENTATIONS = YES;
				CLANG_WARN_DIRECT_OBJC_ISA_USAGE = YES_ERROR;
				CLANG_WARN_DOCUMENTATION_COMMENTS = YES;
				CLANG_WARN_EMPTY_BODY = YES;
				CLANG_WARN_ENUM_CONVERSION = YES;
				CLANG_WARN_INFINITE_RECURSION = YES;
				CLANG_WARN_INT_CONVERSION = YES;
				CLANG_WARN_NON_LITERAL_NULL_CONVERSION = YES;
				CLANG_WARN_OBJC_IMPLICIT_RETAIN_SELF = YES;
				CLANG_WARN_OBJC_LITERAL_CONVERSION = YES;
				CLANG_WARN_OBJC_ROOT_CLASS = YES_ERROR;
				CLANG_WARN_QUOTED_INCLUDE_IN_FRAMEWORK_HEADER = YES;
				CLANG_WARN_RANGE_LOOP_ANALYSIS = YES;
				CLANG_WARN_STRICT_PROTOTYPES = YES;
				CLANG_WARN_SUSPICIOUS_MOVE = YES;
				CLANG_WARN_UNGUARDED_AVAILABILITY = YES_AGGRESSIVE;
				CLANG_WARN_UNREACHABLE_CODE = YES;
				CLANG_WARN__DUPLICATE_METHOD_MATCH = YES;
				COPY_PHASE_STRIP = NO;
				DEBUG_INFORMATION_FORMAT = "dwarf-with-dsym";
				ENABLE_NS_ASSERTIONS = NO;
				ENABLE_STRICT_OBJC_MSGSEND = YES;
				GCC_C_LANGUAGE_STANDARD = gnu11;
				GCC_NO_COMMON_BLOCKS = YES;
				GCC_WARN_64_TO_32_BIT_CONVERSION = YES;
				GCC_WARN_ABOUT_RETURN_TYPE = YES_ERROR;
				GCC_WARN_UNDECLARED_SELECTOR = YES;
				GCC_WARN_UNINITIALIZED_AUTOS = YES_AGGRESSIVE;
				GCC_WARN_UNUSED_FUNCTION = YES;
				GCC_WARN_UNUSED_VARIABLE = YES;
				IPHONEOS_DEPLOYMENT_TARGET = 16.1;
				MTL_ENABLE_DEBUG_INFO = NO;
				MTL_FAST_MATH = YES;
				SDKROOT = iphoneos;
				SWIFT_COMPILATION_MODE = wholemodule;
				SWIFT_OPTIMIZATION_LEVEL = "-O";
				VALIDATE_PRODUCT = YES;
			};
			name = Release;
		};
		668F424E29424AC500210C03 /* Debug */ = {
			isa = XCBuildConfiguration;
			baseConfigurationReference = 5394F51AADE78DE115E989FF /* Pods-FindCVS.debug.xcconfig */;
			buildSettings = {
				ASSETCATALOG_COMPILER_APPICON_NAME = AppIcon;
				ASSETCATALOG_COMPILER_GLOBAL_ACCENT_COLOR_NAME = AccentColor;
				CODE_SIGN_STYLE = Automatic;
				CURRENT_PROJECT_VERSION = 1;
				DEVELOPMENT_TEAM = VW2UR5Y845;
				FRAMEWORK_SEARCH_PATHS = (
					"$(inherited)",
					"$(PROJECT_DIR)/DaumMap.embeddedframework",
				);
				GENERATE_INFOPLIST_FILE = YES;
				INFOPLIST_FILE = FindCVS/Info.plist;
				INFOPLIST_KEY_UIApplicationSupportsIndirectInputEvents = YES;
				INFOPLIST_KEY_UILaunchStoryboardName = LaunchScreen;
				INFOPLIST_KEY_UISupportedInterfaceOrientations_iPad = "UIInterfaceOrientationPortrait UIInterfaceOrientationPortraitUpsideDown UIInterfaceOrientationLandscapeLeft UIInterfaceOrientationLandscapeRight";
				INFOPLIST_KEY_UISupportedInterfaceOrientations_iPhone = "UIInterfaceOrientationPortrait UIInterfaceOrientationLandscapeLeft UIInterfaceOrientationLandscapeRight";
				LD_RUNPATH_SEARCH_PATHS = (
					"$(inherited)",
					"@executable_path/Frameworks",
				);
				MARKETING_VERSION = 1.0;
				PRODUCT_BUNDLE_IDENTIFIER = com.junhyeok.FindCVS;
				PRODUCT_NAME = "$(TARGET_NAME)";
				SWIFT_EMIT_LOC_STRINGS = YES;
				SWIFT_OBJC_BRIDGING_HEADER = /Users/junhyeok/study/Xcode/Swift_Advanced/FindCVS/FindCVS/BridgingHeader.h;
				SWIFT_VERSION = 5.0;
				TARGETED_DEVICE_FAMILY = "1,2";
			};
			name = Debug;
		};
		668F424F29424AC500210C03 /* Release */ = {
			isa = XCBuildConfiguration;
			baseConfigurationReference = 4ED9D4460A45510BE5DA648E /* Pods-FindCVS.release.xcconfig */;
			buildSettings = {
				ASSETCATALOG_COMPILER_APPICON_NAME = AppIcon;
				ASSETCATALOG_COMPILER_GLOBAL_ACCENT_COLOR_NAME = AccentColor;
				CODE_SIGN_STYLE = Automatic;
				CURRENT_PROJECT_VERSION = 1;
				DEVELOPMENT_TEAM = VW2UR5Y845;
				FRAMEWORK_SEARCH_PATHS = (
					"$(inherited)",
					"$(PROJECT_DIR)/DaumMap.embeddedframework",
				);
				GENERATE_INFOPLIST_FILE = YES;
				INFOPLIST_FILE = FindCVS/Info.plist;
				INFOPLIST_KEY_UIApplicationSupportsIndirectInputEvents = YES;
				INFOPLIST_KEY_UILaunchStoryboardName = LaunchScreen;
				INFOPLIST_KEY_UISupportedInterfaceOrientations_iPad = "UIInterfaceOrientationPortrait UIInterfaceOrientationPortraitUpsideDown UIInterfaceOrientationLandscapeLeft UIInterfaceOrientationLandscapeRight";
				INFOPLIST_KEY_UISupportedInterfaceOrientations_iPhone = "UIInterfaceOrientationPortrait UIInterfaceOrientationLandscapeLeft UIInterfaceOrientationLandscapeRight";
				LD_RUNPATH_SEARCH_PATHS = (
					"$(inherited)",
					"@executable_path/Frameworks",
				);
				MARKETING_VERSION = 1.0;
				PRODUCT_BUNDLE_IDENTIFIER = com.junhyeok.FindCVS;
				PRODUCT_NAME = "$(TARGET_NAME)";
				SWIFT_EMIT_LOC_STRINGS = YES;
				SWIFT_OBJC_BRIDGING_HEADER = /Users/junhyeok/study/Xcode/Swift_Advanced/FindCVS/FindCVS/BridgingHeader.h;
				SWIFT_VERSION = 5.0;
				TARGETED_DEVICE_FAMILY = "1,2";
			};
			name = Release;
		};
		668F42A4294468C500210C03 /* Debug */ = {
			isa = XCBuildConfiguration;
			baseConfigurationReference = 169599D16059AD4C76629230 /* Pods-FindCVSTests.debug.xcconfig */;
			buildSettings = {
				BUNDLE_LOADER = "$(TEST_HOST)";
				CLANG_ENABLE_OBJC_ARC = YES;
				CODE_SIGN_STYLE = Automatic;
				CURRENT_PROJECT_VERSION = 1;
				DEVELOPMENT_TEAM = VW2UR5Y845;
				GENERATE_INFOPLIST_FILE = YES;
				MARKETING_VERSION = 1.0;
				PRODUCT_BUNDLE_IDENTIFIER = com.junhyeok.FindCVSTests;
				PRODUCT_NAME = "$(TARGET_NAME)";
				SWIFT_EMIT_LOC_STRINGS = NO;
				SWIFT_VERSION = 5.0;
				TARGETED_DEVICE_FAMILY = "1,2";
				TEST_HOST = "$(BUILT_PRODUCTS_DIR)/FindCVS.app/$(BUNDLE_EXECUTABLE_FOLDER_PATH)/FindCVS";
			};
			name = Debug;
		};
		668F42A5294468C500210C03 /* Release */ = {
			isa = XCBuildConfiguration;
			baseConfigurationReference = FB58FC30A02C73887A7C2887 /* Pods-FindCVSTests.release.xcconfig */;
			buildSettings = {
				BUNDLE_LOADER = "$(TEST_HOST)";
				CLANG_ENABLE_OBJC_ARC = YES;
				CODE_SIGN_STYLE = Automatic;
				CURRENT_PROJECT_VERSION = 1;
				DEVELOPMENT_TEAM = VW2UR5Y845;
				GENERATE_INFOPLIST_FILE = YES;
				MARKETING_VERSION = 1.0;
				PRODUCT_BUNDLE_IDENTIFIER = com.junhyeok.FindCVSTests;
				PRODUCT_NAME = "$(TARGET_NAME)";
				SWIFT_EMIT_LOC_STRINGS = NO;
				SWIFT_VERSION = 5.0;
				TARGETED_DEVICE_FAMILY = "1,2";
				TEST_HOST = "$(BUILT_PRODUCTS_DIR)/FindCVS.app/$(BUNDLE_EXECUTABLE_FOLDER_PATH)/FindCVS";
			};
			name = Release;
		};
/* End XCBuildConfiguration section */

/* Begin XCConfigurationList section */
		668F423429424AC300210C03 /* Build configuration list for PBXProject "FindCVS" */ = {
			isa = XCConfigurationList;
			buildConfigurations = (
				668F424B29424AC500210C03 /* Debug */,
				668F424C29424AC500210C03 /* Release */,
			);
			defaultConfigurationIsVisible = 0;
			defaultConfigurationName = Release;
		};
		668F424D29424AC500210C03 /* Build configuration list for PBXNativeTarget "FindCVS" */ = {
			isa = XCConfigurationList;
			buildConfigurations = (
				668F424E29424AC500210C03 /* Debug */,
				668F424F29424AC500210C03 /* Release */,
			);
			defaultConfigurationIsVisible = 0;
			defaultConfigurationName = Release;
		};
		668F42A3294468C500210C03 /* Build configuration list for PBXNativeTarget "FindCVSTests" */ = {
			isa = XCConfigurationList;
			buildConfigurations = (
				668F42A4294468C500210C03 /* Debug */,
				668F42A5294468C500210C03 /* Release */,
			);
			defaultConfigurationIsVisible = 0;
			defaultConfigurationName = Release;
		};
/* End XCConfigurationList section */
	};
	rootObject = 668F423129424AC300210C03 /* Project object */;
}
